{
  "name": "vigil",
  "version": "0.1.0",
  "lockfileVersion": 3,
  "requires": true,
  "packages": {
    "": {
      "name": "vigil",
      "version": "0.1.0",
      "devDependencies": {
        "leaflet": "1.9.4",
        "us-atlas": "3.0.1",
        "world-atlas": "2.0.2"
      },
      "engines": {
        "node": ">=18"
      }
    },
    "node_modules/leaflet": {
      "version": "1.9.4",
      "resolved": "https://registry.npmjs.org/leaflet/-/leaflet-1.9.4.tgz",
      "integrity": "sha512-nxS1ynzJOmOlHp+iL3FyWqK89GtNL8U8rvlMOsQdTTssxZwCXh8N2NB3GDQOL+YR3XnWyZAxwQixURb+FA74PA==",
      "dev": true,
      "license": "BSD-2-Clause"
    },
    "node_modules/us-atlas": {
      "version": "3.0.1",
      "resolved": "https://registry.npmjs.org/us-atlas/-/us-atlas-3.0.1.tgz",
      "integrity": "sha512-wEIZCq0ImPvGblTd8gZMqNNCPkQshugMUG/8nkSWXb02+XqNFREg9atHOKP9w6prLZTpqcLhSvdBW81MkV3/0Q==",
      "dev": true,
      "license": "ISC"
    },
    "node_modules/world-atlas": {
      "version": "2.0.2",
      "resolved": "https://registry.npmjs.org/world-atlas/-/world-atlas-2.0.2.tgz",
      "integrity": "sha512-IXfV0qwlKXpckz1FhwXVwKRjiIhOnWttOskm5CtxMsjgE/MXAYRHWJqgXOpM8IkcPBoXnyTU5lFHcYa5ChG0LQ==",
      "dev": true,
      "license": "ISC"
    }
  }
}
